
Microsoft Visual Studio Solution File, Format Version 12.00
# Visual Studio Version 16
VisualStudioVersion = 16.0.30413.136
MinimumVisualStudioVersion = 10.0.40219.1
Project("{9A19103F-16F7-4668-BE54-9A1E7A4F7556}") = "PizzaCart", "ShopCart\PizzaCart.csproj", "{F875F15F-C7D9-4137-A29A-AA5E2B5ABA6A}"
EndProject
Global
	GlobalSection(SolutionConfigurationPlatforms) = preSolution
		Debug|Any CPU = Debug|Any CPU
		Release|Any CPU = Release|Any CPU
	EndGlobalSection
	GlobalSection(ProjectConfigurationPlatforms) = postSolution
		{F875F15F-C7D9-4137-A29A-AA5E2B5ABA6A}.Debug|Any CPU.ActiveCfg = Debug|Any CPU
		{F875F15F-C7D9-4137-A29A-AA5E2B5ABA6A}.Debug|Any CPU.Build.0 = Debug|Any CPU
		{F875F15F-C7D9-4137-A29A-AA5E2B5ABA6A}.Release|Any CPU.ActiveCfg = Release|Any CPU
		{F875F15F-C7D9-4137-A29A-AA5E2B5ABA6A}.Release|Any CPU.Build.0 = Release|Any CPU
	EndGlobalSection
	GlobalSection(SolutionProperties) = preSolution
		HideSolutionNode = FALSE
	EndGlobalSection
	GlobalSection(ExtensibilityGlobals) = postSolution
		SolutionGuid = {99F8DD5E-3ADC-4CAE-9179-72514AE42369}
	EndGlobalSection
EndGlobal
